# This file is generated by running "yarn install" inside your project.
# Manual changes might be lost - proceed with caution!

__metadata:
  version: 4
  cacheKey: 5

"@types/hoist-non-react-statics@npm:*":
  version: 3.3.1
  resolution: "@types/hoist-non-react-statics@npm:3.3.1"
  dependencies:
    "@types/react": "*"
    hoist-non-react-statics: ^3.3.0
  checksum: 16ab4c45d4920fa378c8be76554b10061247fc04d2c8af11bdb7d520b3967e9c06d7ad5efd9b0f1657fbc4d095f62c6e1325f03b9141eb1ef2c8095b96fd42f8
  languageName: node
  linkType: hard

"@types/prop-types@npm:*":
  version: 15.7.3
  resolution: "@types/prop-types@npm:15.7.3"
  checksum: bd0eab69d5120ad3784d0c9985f902653d5924707a7f2b3702a330e762dfd61b6494954cb54ad0c52b918ffd6f1e7e27c9270e4442bc15250de348596f2f60cb
  languageName: node
  linkType: hard

"@types/react-native@npm:*":
  version: 0.63.2
  resolution: "@types/react-native@npm:0.63.2"
  dependencies:
    "@types/react": "*"
  checksum: 8c2a28851e8ef19521a089a452343b13f734b359b29c5823b26b1c5641232d67932aa1499c4f40ee83d172ba580264a231e3fe39c4850b2e68131af7f89d1042
  languageName: node
  linkType: hard

"@types/react@npm:*":
  version: 16.9.43
  resolution: "@types/react@npm:16.9.43"
  dependencies:
    "@types/prop-types": "*"
    csstype: ^2.2.0
  checksum: b9d4491463ab013e0752bf6f99bd578f91504f74dfd1ebd7fbceebbdffe89762b040494a78403e249bb72d1645d2784f844890e7b1acdb3634432533ff9732fb
  languageName: node
  linkType: hard

"@types/styled-components@npm:^5.1.1":
  version: 5.1.1
  resolution: "@types/styled-components@npm:5.1.1"
  dependencies:
    "@types/hoist-non-react-statics": "*"
    "@types/react": "*"
    "@types/react-native": "*"
    csstype: ^2.2.0
  checksum: 0195ea769e32c0acbd69e3b05aee129127797ea0fd67690aac4b055ecc26760b978428570b9d07c4934f0dbeab280f29bccd285e2956511bb371f079be73df9d
  languageName: node
  linkType: hard

"a@workspace:packages/a":
  version: 0.0.0-use.local
  resolution: "a@workspace:packages/a"
  dependencies:
    "@types/styled-components": ^5.1.1
  languageName: unknown
  linkType: soft

"csstype@npm:^2.2.0":
  version: 2.6.11
  resolution: "csstype@npm:2.6.11"
  checksum: b5de145e845a416006d870c8005807922ee23cb72f9427c2c1e3e7df9f7f2996ef32aa2f12456477a47966eabbd7a9a5baa668588ff6c6a19546ada77ad09edf
  languageName: node
  linkType: hard

"hoist-non-react-statics@npm:^3.3.0":
  version: 3.3.2
  resolution: "hoist-non-react-statics@npm:3.3.2"
  dependencies:
    react-is: ^16.7.0
  checksum: d3e3791d6e3a2741ce0ba38e878081dec49247ef22982a990c80941ee1f564ef16cd5a511bcc8c5e54f1ce8205535e0414ca5feea722c0690c80040be7ebf9df
  languageName: node
  linkType: hard

"react-is@npm:^16.7.0":
  version: 16.13.1
  resolution: "react-is@npm:16.13.1"
  checksum: 11bcf1267a314a522615f626f3ce3727a3a24cdbf61c4d452add3550a7875326669631326cfb1ba3e92b6f72244c32ffecf93ad21c0cad8455d3e169d0e3f060
  languageName: node
  linkType: hard

"yarn-berry-1629@workspace:.":
  version: 0.0.0-use.local
  resolution: "yarn-berry-1629@workspace:."
  languageName: unknown
  linkType: soft
